
Microsoft Visual Studio Solution File, Format Version 12.00
# Visual Studio Version 17
VisualStudioVersion = 17.14.36221.1 d17.14
MinimumVisualStudioVersion = 10.0.40219.1
Project("{FAE04EC0-301F-11D3-BF4B-00C04F79EFBC}") = "PalakFinalExamAndQuiz4", "PalakFinalExamAndQuiz4\PalakFinalExamAndQuiz4.csproj", "{6A35C1BB-5C41-CE8C-6A8F-E98DA7D125DA}"
EndProject
Global
	GlobalSection(SolutionConfigurationPlatforms) = preSolution
		Debug|Any CPU = Debug|Any CPU
		Release|Any CPU = Release|Any CPU
	EndGlobalSection
	GlobalSection(ProjectConfigurationPlatforms) = postSolution
		{6A35C1BB-5C41-CE8C-6A8F-E98DA7D125DA}.Debug|Any CPU.ActiveCfg = Debug|Any CPU
		{6A35C1BB-5C41-CE8C-6A8F-E98DA7D125DA}.Debug|Any CPU.Build.0 = Debug|Any CPU
		{6A35C1BB-5C41-CE8C-6A8F-E98DA7D125DA}.Debug|Any CPU.Deploy.0 = Debug|Any CPU
		{6A35C1BB-5C41-CE8C-6A8F-E98DA7D125DA}.Release|Any CPU.ActiveCfg = Release|Any CPU
		{6A35C1BB-5C41-CE8C-6A8F-E98DA7D125DA}.Release|Any CPU.Build.0 = Release|Any CPU
	EndGlobalSection
	GlobalSection(SolutionProperties) = preSolution
		HideSolutionNode = FALSE
	EndGlobalSection
	GlobalSection(ExtensibilityGlobals) = postSolution
		SolutionGuid = {B29C41E1-AC7E-46A5-89F8-2ED08E3E76DB}
	EndGlobalSection
EndGlobal
