
Microsoft Visual Studio Solution File, Format Version 12.00
# Visual Studio Version 17
VisualStudioVersion = 17.13.35931.197 d17.13
MinimumVisualStudioVersion = 10.0.40219.1
Project("{FAE04EC0-301F-11D3-BF4B-00C04F79EFBC}") = "S25W4IntroToGenerics", "S25W4IntroToGenerics\S25W4IntroToGenerics.csproj", "{60867714-7D9E-45D8-8642-6A4D95D9F740}"
EndProject
Project("{FAE04EC0-301F-11D3-BF4B-00C04F79EFBC}") = "GenericCollectionsExample", "GenericCollectionsExample\GenericCollectionsExample.csproj", "{7425643F-D04A-4C96-845C-EAD152070408}"
EndProject
Project("{FAE04EC0-301F-11D3-BF4B-00C04F79EFBC}") = "ListExample", "ListExample\ListExample.csproj", "{CCB4DBDF-F3EC-4A6F-83CC-8977FC821EB2}"
EndProject
Global
	GlobalSection(SolutionConfigurationPlatforms) = preSolution
		Debug|Any CPU = Debug|Any CPU
		Release|Any CPU = Release|Any CPU
	EndGlobalSection
	GlobalSection(ProjectConfigurationPlatforms) = postSolution
		{60867714-7D9E-45D8-8642-6A4D95D9F740}.Debug|Any CPU.ActiveCfg = Debug|Any CPU
		{60867714-7D9E-45D8-8642-6A4D95D9F740}.Debug|Any CPU.Build.0 = Debug|Any CPU
		{60867714-7D9E-45D8-8642-6A4D95D9F740}.Release|Any CPU.ActiveCfg = Release|Any CPU
		{60867714-7D9E-45D8-8642-6A4D95D9F740}.Release|Any CPU.Build.0 = Release|Any CPU
		{7425643F-D04A-4C96-845C-EAD152070408}.Debug|Any CPU.ActiveCfg = Debug|Any CPU
		{7425643F-D04A-4C96-845C-EAD152070408}.Debug|Any CPU.Build.0 = Debug|Any CPU
		{7425643F-D04A-4C96-845C-EAD152070408}.Release|Any CPU.ActiveCfg = Release|Any CPU
		{7425643F-D04A-4C96-845C-EAD152070408}.Release|Any CPU.Build.0 = Release|Any CPU
		{CCB4DBDF-F3EC-4A6F-83CC-8977FC821EB2}.Debug|Any CPU.ActiveCfg = Debug|Any CPU
		{CCB4DBDF-F3EC-4A6F-83CC-8977FC821EB2}.Debug|Any CPU.Build.0 = Debug|Any CPU
		{CCB4DBDF-F3EC-4A6F-83CC-8977FC821EB2}.Release|Any CPU.ActiveCfg = Release|Any CPU
		{CCB4DBDF-F3EC-4A6F-83CC-8977FC821EB2}.Release|Any CPU.Build.0 = Release|Any CPU
	EndGlobalSection
	GlobalSection(SolutionProperties) = preSolution
		HideSolutionNode = FALSE
	EndGlobalSection
	GlobalSection(ExtensibilityGlobals) = postSolution
		SolutionGuid = {3DD83007-A531-4B3E-B50C-0D8295D6392D}
	EndGlobalSection
EndGlobal
